
Microsoft Visual Studio Solution File, Format Version 11.00
# Visual Studio 2010
Project("{FAE04EC0-301F-11D3-BF4B-00C04F79EFBC}") = "MTGPlayers", "MTGPlayers\MTGPlayers.csproj", "{F54D6F53-E297-410E-9BB0-C3FFE3F004D0}"
EndProject
Project("{FAE04EC0-301F-11D3-BF4B-00C04F79EFBC}") = "BusinessRules", "BusinessRules\BusinessRules.csproj", "{7D9CE11D-09D1-41DD-93AA-774A390C75D6}"
EndProject
Global
	GlobalSection(SolutionConfigurationPlatforms) = preSolution
		Debug|Any CPU = Debug|Any CPU
		Release|Any CPU = Release|Any CPU
	EndGlobalSection
	GlobalSection(ProjectConfigurationPlatforms) = postSolution
		{F54D6F53-E297-410E-9BB0-C3FFE3F004D0}.Debug|Any CPU.ActiveCfg = Debug|Any CPU
		{F54D6F53-E297-410E-9BB0-C3FFE3F004D0}.Debug|Any CPU.Build.0 = Debug|Any CPU
		{F54D6F53-E297-410E-9BB0-C3FFE3F004D0}.Release|Any CPU.ActiveCfg = Release|Any CPU
		{F54D6F53-E297-410E-9BB0-C3FFE3F004D0}.Release|Any CPU.Build.0 = Release|Any CPU
		{7D9CE11D-09D1-41DD-93AA-774A390C75D6}.Debug|Any CPU.ActiveCfg = Debug|Any CPU
		{7D9CE11D-09D1-41DD-93AA-774A390C75D6}.Debug|Any CPU.Build.0 = Debug|Any CPU
		{7D9CE11D-09D1-41DD-93AA-774A390C75D6}.Release|Any CPU.ActiveCfg = Release|Any CPU
		{7D9CE11D-09D1-41DD-93AA-774A390C75D6}.Release|Any CPU.Build.0 = Release|Any CPU
	EndGlobalSection
	GlobalSection(SolutionProperties) = preSolution
		HideSolutionNode = FALSE
	EndGlobalSection
EndGlobal
